// !$*UTF8*$!
{
	archiveVersion = 1;
	classes = {
	};
	objectVersion = 56;
	objects = {

/* Begin PBXBuildFile section */
		664405602BAACBC8001D602A /* LICENSE.txt in Resources */ = {isa = PBXBuildFile; fileRef = 664405522BAACBC8001D602A /* LICENSE.txt */; };
		664405612BAACBC8001D602A /* Roboto-Black.ttf in Resources */ = {isa = PBXBuildFile; fileRef = 664405532BAACBC8001D602A /* Roboto-Black.ttf */; };
		664405622BAACBC8001D602A /* Roboto-BlackItalic.ttf in Resources */ = {isa = PBXBuildFile; fileRef = 664405542BAACBC8001D602A /* Roboto-BlackItalic.ttf */; };
		664405632BAACBC8001D602A /* Roboto-Bold.ttf in Resources */ = {isa = PBXBuildFile; fileRef = 664405552BAACBC8001D602A /* Roboto-Bold.ttf */; };
		664405642BAACBC8001D602A /* Roboto-BoldItalic.ttf in Resources */ = {isa = PBXBuildFile; fileRef = 664405562BAACBC8001D602A /* Roboto-BoldItalic.ttf */; };
		664405652BAACBC8001D602A /* Roboto-Italic.ttf in Resources */ = {isa = PBXBuildFile; fileRef = 664405572BAACBC8001D602A /* Roboto-Italic.ttf */; };
		664405662BAACBC8001D602A /* Roboto-Light.ttf in Resources */ = {isa = PBXBuildFile; fileRef = 664405582BAACBC8001D602A /* Roboto-Light.ttf */; };
		664405672BAACBC8001D602A /* Roboto-LightItalic.ttf in Resources */ = {isa = PBXBuildFile; fileRef = 664405592BAACBC8001D602A /* Roboto-LightItalic.ttf */; };
		664405682BAACBC8001D602A /* Roboto-Medium.ttf in Resources */ = {isa = PBXBuildFile; fileRef = 6644055A2BAACBC8001D602A /* Roboto-Medium.ttf */; };
		664405692BAACBC8001D602A /* Roboto-MediumItalic.ttf in Resources */ = {isa = PBXBuildFile; fileRef = 6644055B2BAACBC8001D602A /* Roboto-MediumItalic.ttf */; };
		6644056A2BAACBC8001D602A /* Roboto-Regular.ttf in Resources */ = {isa = PBXBuildFile; fileRef = 6644055C2BAACBC8001D602A /* Roboto-Regular.ttf */; };
		6644056B2BAACBC8001D602A /* Roboto-Thin.ttf in Resources */ = {isa = PBXBuildFile; fileRef = 6644055D2BAACBC8001D602A /* Roboto-Thin.ttf */; };
		6644056C2BAACBC8001D602A /* Roboto-ThinItalic.ttf in Resources */ = {isa = PBXBuildFile; fileRef = 6644055E2BAACBC8001D602A /* Roboto-ThinItalic.ttf */; };
		66E02F8D2BAA10DA00AD5367 /* AppDelegate.swift in Sources */ = {isa = PBXBuildFile; fileRef = 66E02F8C2BAA10DA00AD5367 /* AppDelegate.swift */; };
		66E02F8F2BAA10DA00AD5367 /* SceneDelegate.swift in Sources */ = {isa = PBXBuildFile; fileRef = 66E02F8E2BAA10DA00AD5367 /* SceneDelegate.swift */; };
		66E02F912BAA10DA00AD5367 /* ViewController.swift in Sources */ = {isa = PBXBuildFile; fileRef = 66E02F902BAA10DA00AD5367 /* ViewController.swift */; };
		66E02F962BAA10DD00AD5367 /* Assets.xcassets in Resources */ = {isa = PBXBuildFile; fileRef = 66E02F952BAA10DD00AD5367 /* Assets.xcassets */; };
		66E02F992BAA10DD00AD5367 /* Base in Resources */ = {isa = PBXBuildFile; fileRef = 66E02F982BAA10DD00AD5367 /* Base */; };
		66E02FA12BAA10FC00AD5367 /* .gitignore in Resources */ = {isa = PBXBuildFile; fileRef = 66E02FA02BAA10FC00AD5367 /* .gitignore */; };
/* End PBXBuildFile section */

/* Begin PBXFileReference section */
		664405522BAACBC8001D602A /* LICENSE.txt */ = {isa = PBXFileReference; fileEncoding = 4; lastKnownFileType = text; path = LICENSE.txt; sourceTree = "<group>"; };
		664405532BAACBC8001D602A /* Roboto-Black.ttf */ = {isa = PBXFileReference; lastKnownFileType = file; path = "Roboto-Black.ttf"; sourceTree = "<group>"; };
		664405542BAACBC8001D602A /* Roboto-BlackItalic.ttf */ = {isa = PBXFileReference; lastKnownFileType = file; path = "Roboto-BlackItalic.ttf"; sourceTree = "<group>"; };
		664405552BAACBC8001D602A /* Roboto-Bold.ttf */ = {isa = PBXFileReference; lastKnownFileType = file; path = "Roboto-Bold.ttf"; sourceTree = "<group>"; };
		664405562BAACBC8001D602A /* Roboto-BoldItalic.ttf */ = {isa = PBXFileReference; lastKnownFileType = file; path = "Roboto-BoldItalic.ttf"; sourceTree = "<group>"; };
		664405572BAACBC8001D602A /* Roboto-Italic.ttf */ = {isa = PBXFileReference; lastKnownFileType = file; path = "Roboto-Italic.ttf"; sourceTree = "<group>"; };
		664405582BAACBC8001D602A /* Roboto-Light.ttf */ = {isa = PBXFileReference; lastKnownFileType = file; path = "Roboto-Light.ttf"; sourceTree = "<group>"; };
		664405592BAACBC8001D602A /* Roboto-LightItalic.ttf */ = {isa = PBXFileReference; lastKnownFileType = file; path = "Roboto-LightItalic.ttf"; sourceTree = "<group>"; };
		6644055A2BAACBC8001D602A /* Roboto-Medium.ttf */ = {isa = PBXFileReference; lastKnownFileType = file; path = "Roboto-Medium.ttf"; sourceTree = "<group>"; };
		6644055B2BAACBC8001D602A /* Roboto-MediumItalic.ttf */ = {isa = PBXFileReference; lastKnownFileType = file; path = "Roboto-MediumItalic.ttf"; sourceTree = "<group>"; };
		6644055C2BAACBC8001D602A /* Roboto-Regular.ttf */ = {isa = PBXFileReference; lastKnownFileType = file; path = "Roboto-Regular.ttf"; sourceTree = "<group>"; };
		6644055D2BAACBC8001D602A /* Roboto-Thin.ttf */ = {isa = PBXFileReference; lastKnownFileType = file; path = "Roboto-Thin.ttf"; sourceTree = "<group>"; };
		6644055E2BAACBC8001D602A /* Roboto-ThinItalic.ttf */ = {isa = PBXFileReference; lastKnownFileType = file; path = "Roboto-ThinItalic.ttf"; sourceTree = "<group>"; };
		66E02F892BAA10DA00AD5367 /* Food.app */ = {isa = PBXFileReference; explicitFileType = wrapper.application; includeInIndex = 0; path = Food.app; sourceTree = BUILT_PRODUCTS_DIR; };
		66E02F8C2BAA10DA00AD5367 /* AppDelegate.swift */ = {isa = PBXFileReference; lastKnownFileType = sourcecode.swift; path = AppDelegate.swift; sourceTree = "<group>"; };
		66E02F8E2BAA10DA00AD5367 /* SceneDelegate.swift */ = {isa = PBXFileReference; lastKnownFileType = sourcecode.swift; path = SceneDelegate.swift; sourceTree = "<group>"; };
		66E02F902BAA10DA00AD5367 /* ViewController.swift */ = {isa = PBXFileReference; lastKnownFileType = sourcecode.swift; path = ViewController.swift; sourceTree = "<group>"; };
		66E02F952BAA10DD00AD5367 /* Assets.xcassets */ = {isa = PBXFileReference; lastKnownFileType = folder.assetcatalog; path = Assets.xcassets; sourceTree = "<group>"; };
		66E02F982BAA10DD00AD5367 /* Base */ = {isa = PBXFileReference; lastKnownFileType = file.storyboard; name = Base; path = Base.lproj/LaunchScreen.storyboard; sourceTree = "<group>"; };
		66E02F9A2BAA10DD00AD5367 /* Info.plist */ = {isa = PBXFileReference; lastKnownFileType = text.plist.xml; path = Info.plist; sourceTree = "<group>"; };
		66E02FA02BAA10FC00AD5367 /* .gitignore */ = {isa = PBXFileReference; lastKnownFileType = text; path = .gitignore; sourceTree = "<group>"; };
/* End PBXFileReference section */

/* Begin PBXFrameworksBuildPhase section */
		66E02F862BAA10DA00AD5367 /* Frameworks */ = {
			isa = PBXFrameworksBuildPhase;
			buildActionMask = 2147483647;
			files = (
			);
			runOnlyForDeploymentPostprocessing = 0;
		};
/* End PBXFrameworksBuildPhase section */

/* Begin PBXGroup section */
		664405502BAACB8A001D602A /* Resources */ = {
			isa = PBXGroup;
			children = (
				664405512BAACBA2001D602A /* Fonts */,
			);
			path = Resources;
			sourceTree = "<group>";
		};
		664405512BAACBA2001D602A /* Fonts */ = {
			isa = PBXGroup;
			children = (
				6644055F2BAACBC8001D602A /* Roboto */,
			);
			path = Fonts;
			sourceTree = "<group>";
		};
		6644055F2BAACBC8001D602A /* Roboto */ = {
			isa = PBXGroup;
			children = (
				664405522BAACBC8001D602A /* LICENSE.txt */,
				664405532BAACBC8001D602A /* Roboto-Black.ttf */,
				664405542BAACBC8001D602A /* Roboto-BlackItalic.ttf */,
				664405552BAACBC8001D602A /* Roboto-Bold.ttf */,
				664405562BAACBC8001D602A /* Roboto-BoldItalic.ttf */,
				664405572BAACBC8001D602A /* Roboto-Italic.ttf */,
				664405582BAACBC8001D602A /* Roboto-Light.ttf */,
				664405592BAACBC8001D602A /* Roboto-LightItalic.ttf */,
				6644055A2BAACBC8001D602A /* Roboto-Medium.ttf */,
				6644055B2BAACBC8001D602A /* Roboto-MediumItalic.ttf */,
				6644055C2BAACBC8001D602A /* Roboto-Regular.ttf */,
				6644055D2BAACBC8001D602A /* Roboto-Thin.ttf */,
				6644055E2BAACBC8001D602A /* Roboto-ThinItalic.ttf */,
			);
			path = Roboto;
			sourceTree = "<group>";
		};
		66E02F802BAA10DA00AD5367 = {
			isa = PBXGroup;
			children = (
				66E02F8B2BAA10DA00AD5367 /* Food */,
				66E02F8A2BAA10DA00AD5367 /* Products */,
			);
			sourceTree = "<group>";
		};
		66E02F8A2BAA10DA00AD5367 /* Products */ = {
			isa = PBXGroup;
			children = (
				66E02F892BAA10DA00AD5367 /* Food.app */,
			);
			name = Products;
			sourceTree = "<group>";
		};
		66E02F8B2BAA10DA00AD5367 /* Food */ = {
			isa = PBXGroup;
			children = (
				664405502BAACB8A001D602A /* Resources */,
				66E02F8C2BAA10DA00AD5367 /* AppDelegate.swift */,
				66E02F8E2BAA10DA00AD5367 /* SceneDelegate.swift */,
				66E02F902BAA10DA00AD5367 /* ViewController.swift */,
				66E02F952BAA10DD00AD5367 /* Assets.xcassets */,
				66E02F972BAA10DD00AD5367 /* LaunchScreen.storyboard */,
				66E02F9A2BAA10DD00AD5367 /* Info.plist */,
				66E02FA02BAA10FC00AD5367 /* .gitignore */,
			);
			path = Food;
			sourceTree = "<group>";
		};
/* End PBXGroup section */

/* Begin PBXNativeTarget section */
		66E02F882BAA10DA00AD5367 /* Food */ = {
			isa = PBXNativeTarget;
			buildConfigurationList = 66E02F9D2BAA10DD00AD5367 /* Build configuration list for PBXNativeTarget "Food" */;
			buildPhases = (
				66E02F852BAA10DA00AD5367 /* Sources */,
				66E02F862BAA10DA00AD5367 /* Frameworks */,
				66E02F872BAA10DA00AD5367 /* Resources */,
			);
			buildRules = (
			);
			dependencies = (
			);
			name = Food;
			productName = Food;
			productReference = 66E02F892BAA10DA00AD5367 /* Food.app */;
			productType = "com.apple.product-type.application";
		};
/* End PBXNativeTarget section */

/* Begin PBXProject section */
		66E02F812BAA10DA00AD5367 /* Project object */ = {
			isa = PBXProject;
			attributes = {
				BuildIndependentTargetsInParallel = 1;
				LastSwiftUpdateCheck = 1530;
				LastUpgradeCheck = 1530;
				TargetAttributes = {
					66E02F882BAA10DA00AD5367 = {
						CreatedOnToolsVersion = 15.3;
					};
				};
			};
			buildConfigurationList = 66E02F842BAA10DA00AD5367 /* Build configuration list for PBXProject "Food" */;
			compatibilityVersion = "Xcode 14.0";
			developmentRegion = en;
			hasScannedForEncodings = 0;
			knownRegions = (
				en,
				Base,
			);
			mainGroup = 66E02F802BAA10DA00AD5367;
			productRefGroup = 66E02F8A2BAA10DA00AD5367 /* Products */;
			projectDirPath = "";
			projectRoot = "";
			targets = (
				66E02F882BAA10DA00AD5367 /* Food */,
			);
		};
/* End PBXProject section */

/* Begin PBXResourcesBuildPhase section */
		66E02F872BAA10DA00AD5367 /* Resources */ = {
			isa = PBXResourcesBuildPhase;
			buildActionMask = 2147483647;
			files = (
				664405632BAACBC8001D602A /* Roboto-Bold.ttf in Resources */,
				664405672BAACBC8001D602A /* Roboto-LightItalic.ttf in Resources */,
				664405692BAACBC8001D602A /* Roboto-MediumItalic.ttf in Resources */,
				664405652BAACBC8001D602A /* Roboto-Italic.ttf in Resources */,
				664405662BAACBC8001D602A /* Roboto-Light.ttf in Resources */,
				664405602BAACBC8001D602A /* LICENSE.txt in Resources */,
				664405642BAACBC8001D602A /* Roboto-BoldItalic.ttf in Resources */,
				664405622BAACBC8001D602A /* Roboto-BlackItalic.ttf in Resources */,
				6644056B2BAACBC8001D602A /* Roboto-Thin.ttf in Resources */,
				6644056A2BAACBC8001D602A /* Roboto-Regular.ttf in Resources */,
				66E02FA12BAA10FC00AD5367 /* .gitignore in Resources */,
				664405682BAACBC8001D602A /* Roboto-Medium.ttf in Resources */,
				6644056C2BAACBC8001D602A /* Roboto-ThinItalic.ttf in Resources */,
				664405612BAACBC8001D602A /* Roboto-Black.ttf in Resources */,
				66E02F962BAA10DD00AD5367 /* Assets.xcassets in Resources */,
				66E02F992BAA10DD00AD5367 /* Base in Resources */,
			);
			runOnlyForDeploymentPostprocessing = 0;
		};
/* End PBXResourcesBuildPhase section */

/* Begin PBXSourcesBuildPhase section */
		66E02F852BAA10DA00AD5367 /* Sources */ = {
			isa = PBXSourcesBuildPhase;
			buildActionMask = 2147483647;
			files = (
				66E02F912BAA10DA00AD5367 /* ViewController.swift in Sources */,
				66E02F8D2BAA10DA00AD5367 /* AppDelegate.swift in Sources */,
				66E02F8F2BAA10DA00AD5367 /* SceneDelegate.swift in Sources */,
			);
			runOnlyForDeploymentPostprocessing = 0;
		};
/* End PBXSourcesBuildPhase section */

/* Begin PBXVariantGroup section */
		66E02F972BAA10DD00AD5367 /* LaunchScreen.storyboard */ = {
			isa = PBXVariantGroup;
			children = (
				66E02F982BAA10DD00AD5367 /* Base */,
			);
			name = LaunchScreen.storyboard;
			sourceTree = "<group>";
		};
/* End PBXVariantGroup section */

/* Begin XCBuildConfiguration section */
		66E02F9B2BAA10DD00AD5367 /* Debug */ = {
			isa = XCBuildConfiguration;
			buildSettings = {
				ALWAYS_SEARCH_USER_PATHS = NO;
				ASSETCATALOG_COMPILER_GENERATE_SWIFT_ASSET_SYMBOL_EXTENSIONS = YES;
				CLANG_ANALYZER_NONNULL = YES;
				CLANG_ANALYZER_NUMBER_OBJECT_CONVERSION = YES_AGGRESSIVE;
				CLANG_CXX_LANGUAGE_STANDARD = "gnu++20";
				CLANG_ENABLE_MODULES = YES;
				CLANG_ENABLE_OBJC_ARC = YES;
				CLANG_ENABLE_OBJC_WEAK = YES;
				CLANG_WARN_BLOCK_CAPTURE_AUTORELEASING = YES;
				CLANG_WARN_BOOL_CONVERSION = YES;
				CLANG_WARN_COMMA = YES;
				CLANG_WARN_CONSTANT_CONVERSION = YES;
				CLANG_WARN_DEPRECATED_OBJC_IMPLEMENTATIONS = YES;
				CLANG_WARN_DIRECT_OBJC_ISA_USAGE = YES_ERROR;
				CLANG_WARN_DOCUMENTATION_COMMENTS = YES;
				CLANG_WARN_EMPTY_BODY = YES;
				CLANG_WARN_ENUM_CONVERSION = YES;
				CLANG_WARN_INFINITE_RECURSION = YES;
				CLANG_WARN_INT_CONVERSION = YES;
				CLANG_WARN_NON_LITERAL_NULL_CONVERSION = YES;
				CLANG_WARN_OBJC_IMPLICIT_RETAIN_SELF = YES;
				CLANG_WARN_OBJC_LITERAL_CONVERSION = YES;
				CLANG_WARN_OBJC_ROOT_CLASS = YES_ERROR;
				CLANG_WARN_QUOTED_INCLUDE_IN_FRAMEWORK_HEADER = YES;
				CLANG_WARN_RANGE_LOOP_ANALYSIS = YES;
				CLANG_WARN_STRICT_PROTOTYPES = YES;
				CLANG_WARN_SUSPICIOUS_MOVE = YES;
				CLANG_WARN_UNGUARDED_AVAILABILITY = YES_AGGRESSIVE;
				CLANG_WARN_UNREACHABLE_CODE = YES;
				CLANG_WARN__DUPLICATE_METHOD_MATCH = YES;
				COPY_PHASE_STRIP = NO;
				DEBUG_INFORMATION_FORMAT = dwarf;
				ENABLE_STRICT_OBJC_MSGSEND = YES;
				ENABLE_TESTABILITY = YES;
				ENABLE_USER_SCRIPT_SANDBOXING = YES;
				GCC_C_LANGUAGE_STANDARD = gnu17;
				GCC_DYNAMIC_NO_PIC = NO;
				GCC_NO_COMMON_BLOCKS = YES;
				GCC_OPTIMIZATION_LEVEL = 0;
				GCC_PREPROCESSOR_DEFINITIONS = (
					"DEBUG=1",
					"$(inherited)",
				);
				GCC_WARN_64_TO_32_BIT_CONVERSION = YES;
				GCC_WARN_ABOUT_RETURN_TYPE = YES_ERROR;
				GCC_WARN_UNDECLARED_SELECTOR = YES;
				GCC_WARN_UNINITIALIZED_AUTOS = YES_AGGRESSIVE;
				GCC_WARN_UNUSED_FUNCTION = YES;
				GCC_WARN_UNUSED_VARIABLE = YES;
				IPHONEOS_DEPLOYMENT_TARGET = 17.4;
				LOCALIZATION_PREFERS_STRING_CATALOGS = YES;
				MTL_ENABLE_DEBUG_INFO = INCLUDE_SOURCE;
				MTL_FAST_MATH = YES;
				ONLY_ACTIVE_ARCH = YES;
				SDKROOT = iphoneos;
				SWIFT_ACTIVE_COMPILATION_CONDITIONS = "DEBUG $(inherited)";
				SWIFT_OPTIMIZATION_LEVEL = "-Onone";
			};
			name = Debug;
		};
		66E02F9C2BAA10DD00AD5367 /* Release */ = {
			isa = XCBuildConfiguration;
			buildSettings = {
				ALWAYS_SEARCH_USER_PATHS = NO;
				ASSETCATALOG_COMPILER_GENERATE_SWIFT_ASSET_SYMBOL_EXTENSIONS = YES;
				CLANG_ANALYZER_NONNULL = YES;
				CLANG_ANALYZER_NUMBER_OBJECT_CONVERSION = YES_AGGRESSIVE;
				CLANG_CXX_LANGUAGE_STANDARD = "gnu++20";
				CLANG_ENABLE_MODULES = YES;
				CLANG_ENABLE_OBJC_ARC = YES;
				CLANG_ENABLE_OBJC_WEAK = YES;
				CLANG_WARN_BLOCK_CAPTURE_AUTORELEASING = YES;
				CLANG_WARN_BOOL_CONVERSION = YES;
				CLANG_WARN_COMMA = YES;
				CLANG_WARN_CONSTANT_CONVERSION = YES;
				CLANG_WARN_DEPRECATED_OBJC_IMPLEMENTATIONS = YES;
				CLANG_WARN_DIRECT_OBJC_ISA_USAGE = YES_ERROR;
				CLANG_WARN_DOCUMENTATION_COMMENTS = YES;
				CLANG_WARN_EMPTY_BODY = YES;
				CLANG_WARN_ENUM_CONVERSION = YES;
				CLANG_WARN_INFINITE_RECURSION = YES;
				CLANG_WARN_INT_CONVERSION = YES;
				CLANG_WARN_NON_LITERAL_NULL_CONVERSION = YES;
				CLANG_WARN_OBJC_IMPLICIT_RETAIN_SELF = YES;
				CLANG_WARN_OBJC_LITERAL_CONVERSION = YES;
				CLANG_WARN_OBJC_ROOT_CLASS = YES_ERROR;
				CLANG_WARN_QUOTED_INCLUDE_IN_FRAMEWORK_HEADER = YES;
				CLANG_WARN_RANGE_LOOP_ANALYSIS = YES;
				CLANG_WARN_STRICT_PROTOTYPES = YES;
				CLANG_WARN_SUSPICIOUS_MOVE = YES;
				CLANG_WARN_UNGUARDED_AVAILABILITY = YES_AGGRESSIVE;
				CLANG_WARN_UNREACHABLE_CODE = YES;
				CLANG_WARN__DUPLICATE_METHOD_MATCH = YES;
				COPY_PHASE_STRIP = NO;
				DEBUG_INFORMATION_FORMAT = "dwarf-with-dsym";
				ENABLE_NS_ASSERTIONS = NO;
				ENABLE_STRICT_OBJC_MSGSEND = YES;
				ENABLE_USER_SCRIPT_SANDBOXING = YES;
				GCC_C_LANGUAGE_STANDARD = gnu17;
				GCC_NO_COMMON_BLOCKS = YES;
				GCC_WARN_64_TO_32_BIT_CONVERSION = YES;
				GCC_WARN_ABOUT_RETURN_TYPE = YES_ERROR;
				GCC_WARN_UNDECLARED_SELECTOR = YES;
				GCC_WARN_UNINITIALIZED_AUTOS = YES_AGGRESSIVE;
				GCC_WARN_UNUSED_FUNCTION = YES;
				GCC_WARN_UNUSED_VARIABLE = YES;
				IPHONEOS_DEPLOYMENT_TARGET = 17.4;
				LOCALIZATION_PREFERS_STRING_CATALOGS = YES;
				MTL_ENABLE_DEBUG_INFO = NO;
				MTL_FAST_MATH = YES;
				SDKROOT = iphoneos;
				SWIFT_COMPILATION_MODE = wholemodule;
				VALIDATE_PRODUCT = YES;
			};
			name = Release;
		};
		66E02F9E2BAA10DD00AD5367 /* Debug */ = {
			isa = XCBuildConfiguration;
			buildSettings = {
				ASSETCATALOG_COMPILER_APPICON_NAME = AppIcon;
				ASSETCATALOG_COMPILER_GLOBAL_ACCENT_COLOR_NAME = AccentColor;
				CODE_SIGN_STYLE = Automatic;
				CURRENT_PROJECT_VERSION = 1;
				DEVELOPMENT_TEAM = A62Q8AU4X8;
				GENERATE_INFOPLIST_FILE = YES;
				INFOPLIST_FILE = Food/Info.plist;
				INFOPLIST_KEY_UIApplicationSupportsIndirectInputEvents = YES;
				INFOPLIST_KEY_UILaunchStoryboardName = LaunchScreen;
				INFOPLIST_KEY_UISupportedInterfaceOrientations_iPad = "UIInterfaceOrientationPortrait UIInterfaceOrientationPortraitUpsideDown UIInterfaceOrientationLandscapeLeft UIInterfaceOrientationLandscapeRight";
				INFOPLIST_KEY_UISupportedInterfaceOrientations_iPhone = "UIInterfaceOrientationPortrait UIInterfaceOrientationLandscapeLeft UIInterfaceOrientationLandscapeRight";
				LD_RUNPATH_SEARCH_PATHS = (
					"$(inherited)",
					"@executable_path/Frameworks",
				);
				MARKETING_VERSION = 1.0;
				PRODUCT_BUNDLE_IDENTIFIER = com.adamMirzakanov.Food;
				PRODUCT_NAME = "$(TARGET_NAME)";
				SWIFT_EMIT_LOC_STRINGS = YES;
				SWIFT_VERSION = 5.0;
				TARGETED_DEVICE_FAMILY = "1,2";
			};
			name = Debug;
		};
		66E02F9F2BAA10DD00AD5367 /* Release */ = {
			isa = XCBuildConfiguration;
			buildSettings = {
				ASSETCATALOG_COMPILER_APPICON_NAME = AppIcon;
				ASSETCATALOG_COMPILER_GLOBAL_ACCENT_COLOR_NAME = AccentColor;
				CODE_SIGN_STYLE = Automatic;
				CURRENT_PROJECT_VERSION = 1;
				DEVELOPMENT_TEAM = A62Q8AU4X8;
				GENERATE_INFOPLIST_FILE = YES;
				INFOPLIST_FILE = Food/Info.plist;
				INFOPLIST_KEY_UIApplicationSupportsIndirectInputEvents = YES;
				INFOPLIST_KEY_UILaunchStoryboardName = LaunchScreen;
				INFOPLIST_KEY_UISupportedInterfaceOrientations_iPad = "UIInterfaceOrientationPortrait UIInterfaceOrientationPortraitUpsideDown UIInterfaceOrientationLandscapeLeft UIInterfaceOrientationLandscapeRight";
				INFOPLIST_KEY_UISupportedInterfaceOrientations_iPhone = "UIInterfaceOrientationPortrait UIInterfaceOrientationLandscapeLeft UIInterfaceOrientationLandscapeRight";
				LD_RUNPATH_SEARCH_PATHS = (
					"$(inherited)",
					"@executable_path/Frameworks",
				);
				MARKETING_VERSION = 1.0;
				PRODUCT_BUNDLE_IDENTIFIER = com.adamMirzakanov.Food;
				PRODUCT_NAME = "$(TARGET_NAME)";
				SWIFT_EMIT_LOC_STRINGS = YES;
				SWIFT_VERSION = 5.0;
				TARGETED_DEVICE_FAMILY = "1,2";
			};
			name = Release;
		};
/* End XCBuildConfiguration section */

/* Begin XCConfigurationList section */
		66E02F842BAA10DA00AD5367 /* Build configuration list for PBXProject "Food" */ = {
			isa = XCConfigurationList;
			buildConfigurations = (
				66E02F9B2BAA10DD00AD5367 /* Debug */,
				66E02F9C2BAA10DD00AD5367 /* Release */,
			);
			defaultConfigurationIsVisible = 0;
			defaultConfigurationName = Release;
		};
		66E02F9D2BAA10DD00AD5367 /* Build configuration list for PBXNativeTarget "Food" */ = {
			isa = XCConfigurationList;
			buildConfigurations = (
				66E02F9E2BAA10DD00AD5367 /* Debug */,
				66E02F9F2BAA10DD00AD5367 /* Release */,
			);
			defaultConfigurationIsVisible = 0;
			defaultConfigurationName = Release;
		};
/* End XCConfigurationList section */
	};
	rootObject = 66E02F812BAA10DA00AD5367 /* Project object */;
}
